
Microsoft Visual Studio Solution File, Format Version 12.00
# Visual Studio Version 17
VisualStudioVersion = 17.5.33502.453
MinimumVisualStudioVersion = 10.0.40219.1
Project("{FAE04EC0-301F-11D3-BF4B-00C04F79EFBC}") = "tutorialAPIs", "tutorialAPIs\tutorialAPIs.csproj", "{FAE1A773-1522-43DA-8C17-0D89CAC209E4}"
EndProject
Global
	GlobalSection(SolutionConfigurationPlatforms) = preSolution
		Debug|Any CPU = Debug|Any CPU
		Release|Any CPU = Release|Any CPU
	EndGlobalSection
	GlobalSection(ProjectConfigurationPlatforms) = postSolution
		{FAE1A773-1522-43DA-8C17-0D89CAC209E4}.Debug|Any CPU.ActiveCfg = Debug|Any CPU
		{FAE1A773-1522-43DA-8C17-0D89CAC209E4}.Debug|Any CPU.Build.0 = Debug|Any CPU
		{FAE1A773-1522-43DA-8C17-0D89CAC209E4}.Release|Any CPU.ActiveCfg = Release|Any CPU
		{FAE1A773-1522-43DA-8C17-0D89CAC209E4}.Release|Any CPU.Build.0 = Release|Any CPU
	EndGlobalSection
	GlobalSection(SolutionProperties) = preSolution
		HideSolutionNode = FALSE
	EndGlobalSection
	GlobalSection(ExtensibilityGlobals) = postSolution
		SolutionGuid = {657D65F7-9701-4127-894E-41C5DB02251C}
	EndGlobalSection
EndGlobal
